
Microsoft Visual Studio Solution File, Format Version 12.00
# Visual Studio 15
VisualStudioVersion = 15.0.33403.129
MinimumVisualStudioVersion = 10.0.40219.1
Project("{FAE04EC0-301F-11D3-BF4B-00C04F79EFBC}") = "Presentacion", "Presentacion\Presentacion.csproj", "{5DEAE1EB-6DE2-4876-B22F-0E4EAB5A0E9F}"
EndProject
Project("{FAE04EC0-301F-11D3-BF4B-00C04F79EFBC}") = "Logica", "Logica\Logica.csproj", "{81B2BDC9-DB86-4813-8E79-BDCCDD5BFFEC}"
EndProject
Global
	GlobalSection(SolutionConfigurationPlatforms) = preSolution
		Debug|Any CPU = Debug|Any CPU
		Release|Any CPU = Release|Any CPU
	EndGlobalSection
	GlobalSection(ProjectConfigurationPlatforms) = postSolution
		{5DEAE1EB-6DE2-4876-B22F-0E4EAB5A0E9F}.Debug|Any CPU.ActiveCfg = Debug|Any CPU
		{5DEAE1EB-6DE2-4876-B22F-0E4EAB5A0E9F}.Debug|Any CPU.Build.0 = Debug|Any CPU
		{5DEAE1EB-6DE2-4876-B22F-0E4EAB5A0E9F}.Release|Any CPU.ActiveCfg = Release|Any CPU
		{5DEAE1EB-6DE2-4876-B22F-0E4EAB5A0E9F}.Release|Any CPU.Build.0 = Release|Any CPU
		{81B2BDC9-DB86-4813-8E79-BDCCDD5BFFEC}.Debug|Any CPU.ActiveCfg = Debug|Any CPU
		{81B2BDC9-DB86-4813-8E79-BDCCDD5BFFEC}.Debug|Any CPU.Build.0 = Debug|Any CPU
		{81B2BDC9-DB86-4813-8E79-BDCCDD5BFFEC}.Release|Any CPU.ActiveCfg = Release|Any CPU
		{81B2BDC9-DB86-4813-8E79-BDCCDD5BFFEC}.Release|Any CPU.Build.0 = Release|Any CPU
	EndGlobalSection
	GlobalSection(SolutionProperties) = preSolution
		HideSolutionNode = FALSE
	EndGlobalSection
	GlobalSection(ExtensibilityGlobals) = postSolution
		SolutionGuid = {BE44C01E-7920-454D-9C5B-A4DDB2ECDCF7}
	EndGlobalSection
EndGlobal
