
Microsoft Visual Studio Solution File, Format Version 12.00
# Visual Studio 15
VisualStudioVersion = 15.0.33403.129
MinimumVisualStudioVersion = 10.0.40219.1
Project("{FAE04EC0-301F-11D3-BF4B-00C04F79EFBC}") = "Presentacion", "Presentacion\Presentacion.csproj", "{D992EAD6-5B7A-4554-86F8-14C18BBAEED9}"
EndProject
Project("{FAE04EC0-301F-11D3-BF4B-00C04F79EFBC}") = "Negocio", "Negocio\Negocio.csproj", "{854A26F6-9A2C-47D1-8B97-DCADEB12796D}"
EndProject
Project("{FAE04EC0-301F-11D3-BF4B-00C04F79EFBC}") = "Datos", "Datos\Datos.csproj", "{F20A64D7-D0B6-4586-AD9F-1320708BAC7C}"
EndProject
Global
	GlobalSection(SolutionConfigurationPlatforms) = preSolution
		Debug|Any CPU = Debug|Any CPU
		Release|Any CPU = Release|Any CPU
	EndGlobalSection
	GlobalSection(ProjectConfigurationPlatforms) = postSolution
		{D992EAD6-5B7A-4554-86F8-14C18BBAEED9}.Debug|Any CPU.ActiveCfg = Debug|Any CPU
		{D992EAD6-5B7A-4554-86F8-14C18BBAEED9}.Debug|Any CPU.Build.0 = Debug|Any CPU
		{D992EAD6-5B7A-4554-86F8-14C18BBAEED9}.Release|Any CPU.ActiveCfg = Release|Any CPU
		{D992EAD6-5B7A-4554-86F8-14C18BBAEED9}.Release|Any CPU.Build.0 = Release|Any CPU
		{854A26F6-9A2C-47D1-8B97-DCADEB12796D}.Debug|Any CPU.ActiveCfg = Debug|Any CPU
		{854A26F6-9A2C-47D1-8B97-DCADEB12796D}.Debug|Any CPU.Build.0 = Debug|Any CPU
		{854A26F6-9A2C-47D1-8B97-DCADEB12796D}.Release|Any CPU.ActiveCfg = Release|Any CPU
		{854A26F6-9A2C-47D1-8B97-DCADEB12796D}.Release|Any CPU.Build.0 = Release|Any CPU
		{F20A64D7-D0B6-4586-AD9F-1320708BAC7C}.Debug|Any CPU.ActiveCfg = Debug|Any CPU
		{F20A64D7-D0B6-4586-AD9F-1320708BAC7C}.Debug|Any CPU.Build.0 = Debug|Any CPU
		{F20A64D7-D0B6-4586-AD9F-1320708BAC7C}.Release|Any CPU.ActiveCfg = Release|Any CPU
		{F20A64D7-D0B6-4586-AD9F-1320708BAC7C}.Release|Any CPU.Build.0 = Release|Any CPU
	EndGlobalSection
	GlobalSection(SolutionProperties) = preSolution
		HideSolutionNode = FALSE
	EndGlobalSection
	GlobalSection(ExtensibilityGlobals) = postSolution
		SolutionGuid = {1C909B85-741D-43E9-82C9-A0776BE4113F}
	EndGlobalSection
EndGlobal
